{
  "pins" : [
    {
      "identity" : "mycalendar",
      "kind" : "remoteSourceControl",
      "location" : "https://github.com/nferocious76/MyCalendar",
      "state" : {
        "revision" : "06903670310d6fda42cd2a5458dc26b7245d5427",
        "version" : "0.0.2"
      }
    }
  ],
  "version" : 2
}
